# THIS IS AN AUTOGENERATED FILE. DO NOT EDIT THIS FILE DIRECTLY.
# yarn lockfile v1


docxtemplater@^3.9.5:
  version "3.9.5"
  resolved "https://registry.yarnpkg.com/docxtemplater/-/docxtemplater-3.9.5.tgz#6c9073ec10bac17c677204ffccd234688e177f38"
  integrity sha512-+mtkWmSjKJeB6Y4EGBVc7AkWeJBccrv/lfIYrlLs7GwLD0DCzTuyJI4Dh7m/GClnsQW24EtBzYB2BCTa63/30A==
  dependencies:
    xmldom "^0.1.27"

file-saver@^2.0.0:
  version "2.0.0"
  resolved "https://registry.yarnpkg.com/file-saver/-/file-saver-2.0.0.tgz#74eef7748159503b60008a15af2f1930fb5df7ab"
  integrity sha512-cYM1ic5DAkg25pHKgi5f10ziAM7RJU37gaH1XQlyNDrtUnzhC/dfoV9zf2OmF0RMKi42jG5B0JWBnPQqyj/G6g==

jszip-utils@^0.0.2:
  version "0.0.2"
  resolved "https://registry.yarnpkg.com/jszip-utils/-/jszip-utils-0.0.2.tgz#457d5cbca60a1c2e0706e9da2b544e8e7bc50bf8"
  integrity sha1-RX1cvKYKHC4HBunaK1ROjnvFC/g=

jszip@2:
  version "2.6.1"
  resolved "https://registry.yarnpkg.com/jszip/-/jszip-2.6.1.tgz#b88f3a7b2e67a2a048152982c7a3756d9c4828f0"
  integrity sha1-uI86ey5noqBIFSmCx6N1bZxIKPA=
  dependencies:
    pako "~1.0.2"

pako@~1.0.2:
  version "1.0.7"
  resolved "https://registry.yarnpkg.com/pako/-/pako-1.0.7.tgz#2473439021b57f1516c82f58be7275ad8ef1bb27"
  integrity sha512-3HNK5tW4x8o5mO8RuHZp3Ydw9icZXx0RANAOMzlMzx7LVXhMJ4mo3MOBpzyd7r/+RUu8BmndP47LXT+vzjtWcQ==

xmldom@^0.1.27:
  version "0.1.27"
  resolved "https://registry.yarnpkg.com/xmldom/-/xmldom-0.1.27.tgz#d501f97b3bdb403af8ef9ecc20573187aadac0e9"
  integrity sha1-1QH5ezvbQDr4757MIFcxh6rawOk=
